{
  "name": "Website",
  "lockfileVersion": 2,
  "requires": true,
  "packages": {
    "": {
      "devDependencies": {
        "@types/js-cookie": "^3.0.0"
      }
    },
    "node_modules/@types/js-cookie": {
      "version": "3.0.0",
      "resolved": "https://registry.npmjs.org/@types/js-cookie/-/js-cookie-3.0.0.tgz",
      "integrity": "sha512-GDVwSzwBm4OdQajFCit2UMxskZVcOhs/hYeOvzVW1R+iW6ZOVIBgD+RSrYCtPT0pNBnwNgRaoPPKfoXcwDo+hg==",
      "dev": true
    }
  },
  "dependencies": {
    "@types/js-cookie": {
      "version": "3.0.0",
      "resolved": "https://registry.npmjs.org/@types/js-cookie/-/js-cookie-3.0.0.tgz",
      "integrity": "sha512-GDVwSzwBm4OdQajFCit2UMxskZVcOhs/hYeOvzVW1R+iW6ZOVIBgD+RSrYCtPT0pNBnwNgRaoPPKfoXcwDo+hg==",
      "dev": true
    }
  }
}
